// !$*UTF8*$!
{
	archiveVersion = 1;
	classes = {
	};
	objectVersion = 50;
	objects = {

/* Begin PBXBuildFile section */
		0A04B962220FAD1100D94EB9 /* PhindLocationManager.swift in Sources */ = {isa = PBXBuildFile; fileRef = 0A04B961220FAD1100D94EB9 /* PhindLocationManager.swift */; };
		0A080131221230EE00460A1A /* Font Awesome 5 Brands-Regular-400.otf in Resources */ = {isa = PBXBuildFile; fileRef = 0A08012E221230EE00460A1A /* Font Awesome 5 Brands-Regular-400.otf */; };
		0A080132221230EE00460A1A /* Font Awesome 5 Brands-Regular-400.otf in Resources */ = {isa = PBXBuildFile; fileRef = 0A08012E221230EE00460A1A /* Font Awesome 5 Brands-Regular-400.otf */; };
		0A080133221230EE00460A1A /* Font Awesome 5 Brands-Regular-400.otf in Resources */ = {isa = PBXBuildFile; fileRef = 0A08012E221230EE00460A1A /* Font Awesome 5 Brands-Regular-400.otf */; };
		0A080134221230EE00460A1A /* Font Awesome 5 Free-Regular-400.otf in Resources */ = {isa = PBXBuildFile; fileRef = 0A08012F221230EE00460A1A /* Font Awesome 5 Free-Regular-400.otf */; };
		0A080135221230EE00460A1A /* Font Awesome 5 Free-Regular-400.otf in Resources */ = {isa = PBXBuildFile; fileRef = 0A08012F221230EE00460A1A /* Font Awesome 5 Free-Regular-400.otf */; };
		0A080136221230EE00460A1A /* Font Awesome 5 Free-Regular-400.otf in Resources */ = {isa = PBXBuildFile; fileRef = 0A08012F221230EE00460A1A /* Font Awesome 5 Free-Regular-400.otf */; };
		0A080137221230EE00460A1A /* Font Awesome 5 Free-Solid-900.otf in Resources */ = {isa = PBXBuildFile; fileRef = 0A080130221230EE00460A1A /* Font Awesome 5 Free-Solid-900.otf */; };
		0A080138221230EE00460A1A /* Font Awesome 5 Free-Solid-900.otf in Resources */ = {isa = PBXBuildFile; fileRef = 0A080130221230EE00460A1A /* Font Awesome 5 Free-Solid-900.otf */; };
		0A080139221230EE00460A1A /* Font Awesome 5 Free-Solid-900.otf in Resources */ = {isa = PBXBuildFile; fileRef = 0A080130221230EE00460A1A /* Font Awesome 5 Free-Solid-900.otf */; };
		0A45DFF7222B794800026985 /* timeline_joint.png in Resources */ = {isa = PBXBuildFile; fileRef = 0A45DFF6222B794800026985 /* timeline_joint.png */; };
		0A45DFFA222C874400026985 /* timeline_joint_last.png in Resources */ = {isa = PBXBuildFile; fileRef = 0A45DFF8222C874400026985 /* timeline_joint_last.png */; };
		0A45DFFB222C874400026985 /* timeline_joint_first.png in Resources */ = {isa = PBXBuildFile; fileRef = 0A45DFF9222C874400026985 /* timeline_joint_first.png */; };
		0A4EAF88222CE76500D419BD /* MainView_Map.swift in Sources */ = {isa = PBXBuildFile; fileRef = 0A4EAF87222CE76500D419BD /* MainView_Map.swift */; };
		0A4EAF8A222CE9CD00D419BD /* MainView_Timeline.swift in Sources */ = {isa = PBXBuildFile; fileRef = 0A4EAF89222CE9CD00D419BD /* MainView_Timeline.swift */; };
		0A4EAF8D222CEC4600D419BD /* Style.swift in Sources */ = {isa = PBXBuildFile; fileRef = 0A4EAF8C222CEC4600D419BD /* Style.swift */; };
		0A4EAF90222CF4EE00D419BD /* Credentials.swift in Sources */ = {isa = PBXBuildFile; fileRef = 0A4EAF8F222CF4EE00D419BD /* Credentials.swift */; };
		0A5A2254221047CE00879A38 /* ModelManager.swift in Sources */ = {isa = PBXBuildFile; fileRef = 0A5A2253221047CE00879A38 /* ModelManager.swift */; };
		0A607A13222C9382006EDA7A /* timeline_line.png in Resources */ = {isa = PBXBuildFile; fileRef = 0A607A12222C9382006EDA7A /* timeline_line.png */; };
		0A6F0D212237D0BD00AF9B3D /* SearchViewController.swift in Sources */ = {isa = PBXBuildFile; fileRef = 0A6F0D202237D0BD00AF9B3D /* SearchViewController.swift */; };
		0A6F0D242237D18A00AF9B3D /* SearchView_Header.swift in Sources */ = {isa = PBXBuildFile; fileRef = 0A6F0D232237D18A00AF9B3D /* SearchView_Header.swift */; };
		0A6F0D262238DE9D00AF9B3D /* SearchView_Results.swift in Sources */ = {isa = PBXBuildFile; fileRef = 0A6F0D252238DE9D00AF9B3D /* SearchView_Results.swift */; };
		0AA7BF112210374D0038A274 /* Util.swift in Sources */ = {isa = PBXBuildFile; fileRef = 0AA7BF102210374D0038A274 /* Util.swift */; };
		0AA824A5222CE4BA008BE873 /* MainView_Header.swift in Sources */ = {isa = PBXBuildFile; fileRef = 0AA824A4222CE4BA008BE873 /* MainView_Header.swift */; };
		0AA9103F220F6BF9001B1270 /* Pods in Resources */ = {isa = PBXBuildFile; fileRef = 0AA9103E220F6BF9001B1270 /* Pods */; };
		49077B30222E436C0024539E /* Edit_Util.swift in Sources */ = {isa = PBXBuildFile; fileRef = 49077B2F222E436C0024539E /* Edit_Util.swift */; };
		492F5C5721FD814E009B6411 /* AppDelegate.swift in Sources */ = {isa = PBXBuildFile; fileRef = 492F5C5621FD814E009B6411 /* AppDelegate.swift */; };
		492F5C5921FD814E009B6411 /* MainViewController.swift in Sources */ = {isa = PBXBuildFile; fileRef = 492F5C5821FD814E009B6411 /* MainViewController.swift */; };
		492F5C5B21FD814E009B6411 /* SecondViewController.swift in Sources */ = {isa = PBXBuildFile; fileRef = 492F5C5A21FD814E009B6411 /* SecondViewController.swift */; };
		492F5C5E21FD814E009B6411 /* Main.storyboard in Resources */ = {isa = PBXBuildFile; fileRef = 492F5C5C21FD814E009B6411 /* Main.storyboard */; };
		492F5C6021FD814F009B6411 /* Assets.xcassets in Resources */ = {isa = PBXBuildFile; fileRef = 492F5C5F21FD814F009B6411 /* Assets.xcassets */; };
		492F5C6321FD814F009B6411 /* LaunchScreen.storyboard in Resources */ = {isa = PBXBuildFile; fileRef = 492F5C6121FD814F009B6411 /* LaunchScreen.storyboard */; };
		492F5C6E21FD814F009B6411 /* PhindTests.swift in Sources */ = {isa = PBXBuildFile; fileRef = 492F5C6D21FD814F009B6411 /* PhindTests.swift */; };
		492F5C7921FD814F009B6411 /* PhindUITests.swift in Sources */ = {isa = PBXBuildFile; fileRef = 492F5C7821FD814F009B6411 /* PhindUITests.swift */; };
		4934F6BF220296D90025C749 /* RealmTypes.swift in Sources */ = {isa = PBXBuildFile; fileRef = 4934F6BE220296D90025C749 /* RealmTypes.swift */; };
		494E7EE52210F76E00979950 /* TimelineUITableViewCell.swift in Sources */ = {isa = PBXBuildFile; fileRef = 494E7EE42210F76E00979950 /* TimelineUITableViewCell.swift */; };
		49AD3CD32213E32F000494D9 /* MapViewFitExtension.swift in Sources */ = {isa = PBXBuildFile; fileRef = 49AD3CD22213E32F000494D9 /* MapViewFitExtension.swift */; };
		49B70CC2222DDAA9001E7167 /* PlaceDetailsController.swift in Sources */ = {isa = PBXBuildFile; fileRef = 49B70CC1222DDAA9001E7167 /* PlaceDetailsController.swift */; };
		49B70CC5222DDBA4001E7167 /* PlaceDetails_Util.swift in Sources */ = {isa = PBXBuildFile; fileRef = 49B70CC4222DDBA4001E7167 /* PlaceDetails_Util.swift */; };
		49B70CC7222DDC8E001E7167 /* PlaceDetails_PhotoTable.swift in Sources */ = {isa = PBXBuildFile; fileRef = 49B70CC6222DDC8E001E7167 /* PlaceDetails_PhotoTable.swift */; };
		49B70CC9222DDE28001E7167 /* PlaceDetails.storyboard in Resources */ = {isa = PBXBuildFile; fileRef = 49B70CC8222DDE28001E7167 /* PlaceDetails.storyboard */; };
		49B70CCE222E238D001E7167 /* EditViewController.swift in Sources */ = {isa = PBXBuildFile; fileRef = 49B70CCD222E238D001E7167 /* EditViewController.swift */; };
		49B70CD0222E23A0001E7167 /* Edit.storyboard in Resources */ = {isa = PBXBuildFile; fileRef = 49B70CCF222E23A0001E7167 /* Edit.storyboard */; };
		A8B58E4B9A76F185F279E9B3 /* Pods_Phind.framework in Frameworks */ = {isa = PBXBuildFile; fileRef = 6B9BCD483594BE1F3920C60E /* Pods_Phind.framework */; };
		D99A2BE5E03FCC60F6A0A835 /* Pods_PhindTests.framework in Frameworks */ = {isa = PBXBuildFile; fileRef = 0F367DD7A00A628AE7BAFE25 /* Pods_PhindTests.framework */; };
		DDA0325C5B6569847B2BEFFA /* Pods_PhindUITests.framework in Frameworks */ = {isa = PBXBuildFile; fileRef = 6E0A151A788F73CC420773FD /* Pods_PhindUITests.framework */; };
		F97F19BC22133490008CF75E /* StatisticsUICollectionViewCell.swift in Sources */ = {isa = PBXBuildFile; fileRef = F97F19BB22133490008CF75E /* StatisticsUICollectionViewCell.swift */; };
/* End PBXBuildFile section */

/* Begin PBXContainerItemProxy section */
		492F5C6A21FD814F009B6411 /* PBXContainerItemProxy */ = {
			isa = PBXContainerItemProxy;
			containerPortal = 492F5C4B21FD814D009B6411 /* Project object */;
			proxyType = 1;
			remoteGlobalIDString = 492F5C5221FD814D009B6411;
			remoteInfo = Phind;
		};
		492F5C7521FD814F009B6411 /* PBXContainerItemProxy */ = {
			isa = PBXContainerItemProxy;
			containerPortal = 492F5C4B21FD814D009B6411 /* Project object */;
			proxyType = 1;
			remoteGlobalIDString = 492F5C5221FD814D009B6411;
			remoteInfo = Phind;
		};
/* End PBXContainerItemProxy section */

/* Begin PBXFileReference section */
		0A04B961220FAD1100D94EB9 /* PhindLocationManager.swift */ = {isa = PBXFileReference; lastKnownFileType = sourcecode.swift; path = PhindLocationManager.swift; sourceTree = "<group>"; };
		0A08012E221230EE00460A1A /* Font Awesome 5 Brands-Regular-400.otf */ = {isa = PBXFileReference; lastKnownFileType = file; path = "Font Awesome 5 Brands-Regular-400.otf"; sourceTree = "<group>"; };
		0A08012F221230EE00460A1A /* Font Awesome 5 Free-Regular-400.otf */ = {isa = PBXFileReference; lastKnownFileType = file; path = "Font Awesome 5 Free-Regular-400.otf"; sourceTree = "<group>"; };
		0A080130221230EE00460A1A /* Font Awesome 5 Free-Solid-900.otf */ = {isa = PBXFileReference; lastKnownFileType = file; path = "Font Awesome 5 Free-Solid-900.otf"; sourceTree = "<group>"; };
		0A45DFF6222B794800026985 /* timeline_joint.png */ = {isa = PBXFileReference; lastKnownFileType = image.png; path = timeline_joint.png; sourceTree = "<group>"; };
		0A45DFF8222C874400026985 /* timeline_joint_last.png */ = {isa = PBXFileReference; lastKnownFileType = image.png; path = timeline_joint_last.png; sourceTree = "<group>"; };
		0A45DFF9222C874400026985 /* timeline_joint_first.png */ = {isa = PBXFileReference; lastKnownFileType = image.png; path = timeline_joint_first.png; sourceTree = "<group>"; };
		0A4EAF87222CE76500D419BD /* MainView_Map.swift */ = {isa = PBXFileReference; lastKnownFileType = sourcecode.swift; path = MainView_Map.swift; sourceTree = "<group>"; };
		0A4EAF89222CE9CD00D419BD /* MainView_Timeline.swift */ = {isa = PBXFileReference; lastKnownFileType = sourcecode.swift; path = MainView_Timeline.swift; sourceTree = "<group>"; };
		0A4EAF8C222CEC4600D419BD /* Style.swift */ = {isa = PBXFileReference; lastKnownFileType = sourcecode.swift; path = Style.swift; sourceTree = "<group>"; };
		0A4EAF8F222CF4EE00D419BD /* Credentials.swift */ = {isa = PBXFileReference; lastKnownFileType = sourcecode.swift; path = Credentials.swift; sourceTree = "<group>"; };
		0A5A2253221047CE00879A38 /* ModelManager.swift */ = {isa = PBXFileReference; lastKnownFileType = sourcecode.swift; path = ModelManager.swift; sourceTree = "<group>"; };
		0A607A12222C9382006EDA7A /* timeline_line.png */ = {isa = PBXFileReference; lastKnownFileType = image.png; path = timeline_line.png; sourceTree = "<group>"; };
		0A6F0D202237D0BD00AF9B3D /* SearchViewController.swift */ = {isa = PBXFileReference; lastKnownFileType = sourcecode.swift; path = SearchViewController.swift; sourceTree = "<group>"; };
		0A6F0D232237D18A00AF9B3D /* SearchView_Header.swift */ = {isa = PBXFileReference; lastKnownFileType = sourcecode.swift; path = SearchView_Header.swift; sourceTree = "<group>"; };
		0A6F0D252238DE9D00AF9B3D /* SearchView_Results.swift */ = {isa = PBXFileReference; lastKnownFileType = sourcecode.swift; path = SearchView_Results.swift; sourceTree = "<group>"; };
		0AA7BF102210374D0038A274 /* Util.swift */ = {isa = PBXFileReference; lastKnownFileType = sourcecode.swift; path = Util.swift; sourceTree = "<group>"; };
		0AA824A4222CE4BA008BE873 /* MainView_Header.swift */ = {isa = PBXFileReference; lastKnownFileType = sourcecode.swift; path = MainView_Header.swift; sourceTree = "<group>"; };
		0AA9103E220F6BF9001B1270 /* Pods */ = {isa = PBXFileReference; lastKnownFileType = folder; path = Pods; sourceTree = "<group>"; };
		0F367DD7A00A628AE7BAFE25 /* Pods_PhindTests.framework */ = {isa = PBXFileReference; explicitFileType = wrapper.framework; includeInIndex = 0; path = Pods_PhindTests.framework; sourceTree = BUILT_PRODUCTS_DIR; };
		23004EA1A217FA918547CD4A /* Pods-PhindTests.release.xcconfig */ = {isa = PBXFileReference; includeInIndex = 1; lastKnownFileType = text.xcconfig; name = "Pods-PhindTests.release.xcconfig"; path = "Pods/Target Support Files/Pods-PhindTests/Pods-PhindTests.release.xcconfig"; sourceTree = "<group>"; };
		25F60A492D95300955497A01 /* Pods-PhindUITests.release.xcconfig */ = {isa = PBXFileReference; includeInIndex = 1; lastKnownFileType = text.xcconfig; name = "Pods-PhindUITests.release.xcconfig"; path = "Pods/Target Support Files/Pods-PhindUITests/Pods-PhindUITests.release.xcconfig"; sourceTree = "<group>"; };
		49077B2F222E436C0024539E /* Edit_Util.swift */ = {isa = PBXFileReference; lastKnownFileType = sourcecode.swift; path = Edit_Util.swift; sourceTree = "<group>"; };
		492F5C5321FD814D009B6411 /* Phind.app */ = {isa = PBXFileReference; explicitFileType = wrapper.application; includeInIndex = 0; path = Phind.app; sourceTree = BUILT_PRODUCTS_DIR; };
		492F5C5621FD814E009B6411 /* AppDelegate.swift */ = {isa = PBXFileReference; lastKnownFileType = sourcecode.swift; path = AppDelegate.swift; sourceTree = "<group>"; };
		492F5C5821FD814E009B6411 /* MainViewController.swift */ = {isa = PBXFileReference; lastKnownFileType = sourcecode.swift; path = MainViewController.swift; sourceTree = "<group>"; };
		492F5C5A21FD814E009B6411 /* SecondViewController.swift */ = {isa = PBXFileReference; lastKnownFileType = sourcecode.swift; path = SecondViewController.swift; sourceTree = "<group>"; };
		492F5C5D21FD814E009B6411 /* Base */ = {isa = PBXFileReference; lastKnownFileType = file.storyboard; name = Base; path = Base.lproj/Main.storyboard; sourceTree = "<group>"; };
		492F5C5F21FD814F009B6411 /* Assets.xcassets */ = {isa = PBXFileReference; lastKnownFileType = folder.assetcatalog; path = Assets.xcassets; sourceTree = "<group>"; };
		492F5C6221FD814F009B6411 /* Base */ = {isa = PBXFileReference; lastKnownFileType = file.storyboard; name = Base; path = Base.lproj/LaunchScreen.storyboard; sourceTree = "<group>"; };
		492F5C6421FD814F009B6411 /* Info.plist */ = {isa = PBXFileReference; lastKnownFileType = text.plist.xml; path = Info.plist; sourceTree = "<group>"; };
		492F5C6921FD814F009B6411 /* PhindTests.xctest */ = {isa = PBXFileReference; explicitFileType = wrapper.cfbundle; includeInIndex = 0; path = PhindTests.xctest; sourceTree = BUILT_PRODUCTS_DIR; };
		492F5C6D21FD814F009B6411 /* PhindTests.swift */ = {isa = PBXFileReference; lastKnownFileType = sourcecode.swift; path = PhindTests.swift; sourceTree = "<group>"; };
		492F5C6F21FD814F009B6411 /* Info.plist */ = {isa = PBXFileReference; lastKnownFileType = text.plist.xml; path = Info.plist; sourceTree = "<group>"; };
		492F5C7421FD814F009B6411 /* PhindUITests.xctest */ = {isa = PBXFileReference; explicitFileType = wrapper.cfbundle; includeInIndex = 0; path = PhindUITests.xctest; sourceTree = BUILT_PRODUCTS_DIR; };
		492F5C7821FD814F009B6411 /* PhindUITests.swift */ = {isa = PBXFileReference; lastKnownFileType = sourcecode.swift; path = PhindUITests.swift; sourceTree = "<group>"; };
		492F5C7A21FD814F009B6411 /* Info.plist */ = {isa = PBXFileReference; lastKnownFileType = text.plist.xml; path = Info.plist; sourceTree = "<group>"; };
		4934F6BE220296D90025C749 /* RealmTypes.swift */ = {isa = PBXFileReference; lastKnownFileType = sourcecode.swift; path = RealmTypes.swift; sourceTree = "<group>"; };
		494E7EE42210F76E00979950 /* TimelineUITableViewCell.swift */ = {isa = PBXFileReference; lastKnownFileType = sourcecode.swift; path = TimelineUITableViewCell.swift; sourceTree = "<group>"; };
		49AD3CD22213E32F000494D9 /* MapViewFitExtension.swift */ = {isa = PBXFileReference; lastKnownFileType = sourcecode.swift; name = MapViewFitExtension.swift; path = Phind/Views/MapViewFitExtension.swift; sourceTree = SOURCE_ROOT; };
		49B70CC1222DDAA9001E7167 /* PlaceDetailsController.swift */ = {isa = PBXFileReference; lastKnownFileType = sourcecode.swift; path = PlaceDetailsController.swift; sourceTree = "<group>"; };
		49B70CC4222DDBA4001E7167 /* PlaceDetails_Util.swift */ = {isa = PBXFileReference; lastKnownFileType = sourcecode.swift; path = PlaceDetails_Util.swift; sourceTree = "<group>"; };
		49B70CC6222DDC8E001E7167 /* PlaceDetails_PhotoTable.swift */ = {isa = PBXFileReference; lastKnownFileType = sourcecode.swift; path = PlaceDetails_PhotoTable.swift; sourceTree = "<group>"; };
		49B70CC8222DDE28001E7167 /* PlaceDetails.storyboard */ = {isa = PBXFileReference; lastKnownFileType = file.storyboard; path = PlaceDetails.storyboard; sourceTree = "<group>"; };
		49B70CCD222E238D001E7167 /* EditViewController.swift */ = {isa = PBXFileReference; lastKnownFileType = sourcecode.swift; path = EditViewController.swift; sourceTree = "<group>"; };
		49B70CCF222E23A0001E7167 /* Edit.storyboard */ = {isa = PBXFileReference; lastKnownFileType = file.storyboard; path = Edit.storyboard; sourceTree = "<group>"; };
		5E3C30D3DCE258D332C8BCEC /* Pods-PhindTests.debug.xcconfig */ = {isa = PBXFileReference; includeInIndex = 1; lastKnownFileType = text.xcconfig; name = "Pods-PhindTests.debug.xcconfig"; path = "Pods/Target Support Files/Pods-PhindTests/Pods-PhindTests.debug.xcconfig"; sourceTree = "<group>"; };
		6B9BCD483594BE1F3920C60E /* Pods_Phind.framework */ = {isa = PBXFileReference; explicitFileType = wrapper.framework; includeInIndex = 0; path = Pods_Phind.framework; sourceTree = BUILT_PRODUCTS_DIR; };
		6E0A151A788F73CC420773FD /* Pods_PhindUITests.framework */ = {isa = PBXFileReference; explicitFileType = wrapper.framework; includeInIndex = 0; path = Pods_PhindUITests.framework; sourceTree = BUILT_PRODUCTS_DIR; };
		853D7DCBB599C2B406A2B9C9 /* Pods-PhindUITests.debug.xcconfig */ = {isa = PBXFileReference; includeInIndex = 1; lastKnownFileType = text.xcconfig; name = "Pods-PhindUITests.debug.xcconfig"; path = "Pods/Target Support Files/Pods-PhindUITests/Pods-PhindUITests.debug.xcconfig"; sourceTree = "<group>"; };
		9810D2E904B270505E18137E /* Pods-Phind.release.xcconfig */ = {isa = PBXFileReference; includeInIndex = 1; lastKnownFileType = text.xcconfig; name = "Pods-Phind.release.xcconfig"; path = "Pods/Target Support Files/Pods-Phind/Pods-Phind.release.xcconfig"; sourceTree = "<group>"; };
		F97F19BB22133490008CF75E /* StatisticsUICollectionViewCell.swift */ = {isa = PBXFileReference; lastKnownFileType = sourcecode.swift; path = StatisticsUICollectionViewCell.swift; sourceTree = "<group>"; };
		FB97AFE432820900E25B2D41 /* Pods-Phind.debug.xcconfig */ = {isa = PBXFileReference; includeInIndex = 1; lastKnownFileType = text.xcconfig; name = "Pods-Phind.debug.xcconfig"; path = "Pods/Target Support Files/Pods-Phind/Pods-Phind.debug.xcconfig"; sourceTree = "<group>"; };
/* End PBXFileReference section */

/* Begin PBXFrameworksBuildPhase section */
		492F5C5021FD814D009B6411 /* Frameworks */ = {
			isa = PBXFrameworksBuildPhase;
			buildActionMask = 2147483647;
			files = (
				A8B58E4B9A76F185F279E9B3 /* Pods_Phind.framework in Frameworks */,
			);
			runOnlyForDeploymentPostprocessing = 0;
		};
		492F5C6621FD814F009B6411 /* Frameworks */ = {
			isa = PBXFrameworksBuildPhase;
			buildActionMask = 2147483647;
			files = (
				D99A2BE5E03FCC60F6A0A835 /* Pods_PhindTests.framework in Frameworks */,
			);
			runOnlyForDeploymentPostprocessing = 0;
		};
		492F5C7121FD814F009B6411 /* Frameworks */ = {
			isa = PBXFrameworksBuildPhase;
			buildActionMask = 2147483647;
			files = (
				DDA0325C5B6569847B2BEFFA /* Pods_PhindUITests.framework in Frameworks */,
			);
			runOnlyForDeploymentPostprocessing = 0;
		};
/* End PBXFrameworksBuildPhase section */

/* Begin PBXGroup section */
		0A04B95E220F7DB600D94EB9 /* Views */ = {
			isa = PBXGroup;
			children = (
				0A6F0D222237D16D00AF9B3D /* Search */,
				49B70CCC222E237B001E7167 /* Edit */,
				49B70CC3222DDB99001E7167 /* Place */,
				0AA824A3222CE491008BE873 /* Main */,
				49AD3CD22213E32F000494D9 /* MapViewFitExtension.swift */,
				492F5C6121FD814F009B6411 /* LaunchScreen.storyboard */,
				F97F19BB22133490008CF75E /* StatisticsUICollectionViewCell.swift */,
			);
			path = Views;
			sourceTree = "<group>";
		};
		0A04B95F220F7DE000D94EB9 /* Models */ = {
			isa = PBXGroup;
			children = (
				4934F6BE220296D90025C749 /* RealmTypes.swift */,
			);
			path = Models;
			sourceTree = "<group>";
		};
		0A04B960220F7DE500D94EB9 /* Controllers */ = {
			isa = PBXGroup;
			children = (
				492F5C5821FD814E009B6411 /* MainViewController.swift */,
				49B70CC1222DDAA9001E7167 /* PlaceDetailsController.swift */,
				492F5C5A21FD814E009B6411 /* SecondViewController.swift */,
				0A04B961220FAD1100D94EB9 /* PhindLocationManager.swift */,
				0A5A2253221047CE00879A38 /* ModelManager.swift */,
				49B70CCD222E238D001E7167 /* EditViewController.swift */,
				0A6F0D202237D0BD00AF9B3D /* SearchViewController.swift */,
			);
			path = Controllers;
			sourceTree = "<group>";
		};
		0A08013A221230F200460A1A /* Fonts */ = {
			isa = PBXGroup;
			children = (
				0A08012E221230EE00460A1A /* Font Awesome 5 Brands-Regular-400.otf */,
				0A08012F221230EE00460A1A /* Font Awesome 5 Free-Regular-400.otf */,
				0A080130221230EE00460A1A /* Font Awesome 5 Free-Solid-900.otf */,
			);
			path = Fonts;
			sourceTree = "<group>";
		};
		0A4EAF8B222CEB3F00D419BD /* Main */ = {
			isa = PBXGroup;
			children = (
				0A607A12222C9382006EDA7A /* timeline_line.png */,
				0A45DFF9222C874400026985 /* timeline_joint_first.png */,
				0A45DFF8222C874400026985 /* timeline_joint_last.png */,
				0A45DFF6222B794800026985 /* timeline_joint.png */,
			);
			path = Main;
			sourceTree = "<group>";
		};
		0A4EAF8E222CF4DA00D419BD /* Core */ = {
			isa = PBXGroup;
			children = (
				0AA7BF102210374D0038A274 /* Util.swift */,
				0A4EAF8C222CEC4600D419BD /* Style.swift */,
				0A4EAF8F222CF4EE00D419BD /* Credentials.swift */,
			);
			path = Core;
			sourceTree = "<group>";
		};
		0A6F0D222237D16D00AF9B3D /* Search */ = {
			isa = PBXGroup;
			children = (
				0A6F0D232237D18A00AF9B3D /* SearchView_Header.swift */,
				0A6F0D252238DE9D00AF9B3D /* SearchView_Results.swift */,
			);
			name = Search;
			path = "New Group1";
			sourceTree = "<group>";
		};
		0AA824A3222CE491008BE873 /* Main */ = {
			isa = PBXGroup;
			children = (
				492F5C5C21FD814E009B6411 /* Main.storyboard */,
				0AA824A4222CE4BA008BE873 /* MainView_Header.swift */,
				0A4EAF87222CE76500D419BD /* MainView_Map.swift */,
				494E7EE42210F76E00979950 /* TimelineUITableViewCell.swift */,
				0A4EAF89222CE9CD00D419BD /* MainView_Timeline.swift */,
			);
			path = Main;
			sourceTree = "<group>";
		};
		0AF2615222123032009BD580 /* MediaResources */ = {
			isa = PBXGroup;
			children = (
				0A4EAF8B222CEB3F00D419BD /* Main */,
				0A08013A221230F200460A1A /* Fonts */,
			);
			path = MediaResources;
			sourceTree = "<group>";
		};
		14330F41CA0973F749EFC1BF /* Frameworks */ = {
			isa = PBXGroup;
			children = (
				0AA9103E220F6BF9001B1270 /* Pods */,
				6B9BCD483594BE1F3920C60E /* Pods_Phind.framework */,
				0F367DD7A00A628AE7BAFE25 /* Pods_PhindTests.framework */,
				6E0A151A788F73CC420773FD /* Pods_PhindUITests.framework */,
			);
			name = Frameworks;
			sourceTree = "<group>";
		};
		492F5C4A21FD814D009B6411 = {
			isa = PBXGroup;
			children = (
				492F5C5521FD814D009B6411 /* Phind */,
				492F5C6C21FD814F009B6411 /* PhindTests */,
				492F5C7721FD814F009B6411 /* PhindUITests */,
				492F5C5421FD814D009B6411 /* Products */,
				7362E83279169E69104D05B1 /* Pods */,
				14330F41CA0973F749EFC1BF /* Frameworks */,
			);
			sourceTree = "<group>";
		};
		492F5C5421FD814D009B6411 /* Products */ = {
			isa = PBXGroup;
			children = (
				492F5C5321FD814D009B6411 /* Phind.app */,
				492F5C6921FD814F009B6411 /* PhindTests.xctest */,
				492F5C7421FD814F009B6411 /* PhindUITests.xctest */,
			);
			name = Products;
			sourceTree = "<group>";
		};
		492F5C5521FD814D009B6411 /* Phind */ = {
			isa = PBXGroup;
			children = (
				492F5C5621FD814E009B6411 /* AppDelegate.swift */,
				0A4EAF8E222CF4DA00D419BD /* Core */,
				0AF2615222123032009BD580 /* MediaResources */,
				0A04B960220F7DE500D94EB9 /* Controllers */,
				0A04B95F220F7DE000D94EB9 /* Models */,
				0A04B95E220F7DB600D94EB9 /* Views */,
				492F5C5F21FD814F009B6411 /* Assets.xcassets */,
				492F5C6421FD814F009B6411 /* Info.plist */,
			);
			path = Phind;
			sourceTree = "<group>";
		};
		492F5C6C21FD814F009B6411 /* PhindTests */ = {
			isa = PBXGroup;
			children = (
				492F5C6D21FD814F009B6411 /* PhindTests.swift */,
				492F5C6F21FD814F009B6411 /* Info.plist */,
			);
			path = PhindTests;
			sourceTree = "<group>";
		};
		492F5C7721FD814F009B6411 /* PhindUITests */ = {
			isa = PBXGroup;
			children = (
				492F5C7821FD814F009B6411 /* PhindUITests.swift */,
				492F5C7A21FD814F009B6411 /* Info.plist */,
			);
			path = PhindUITests;
			sourceTree = "<group>";
		};
		49B70CC3222DDB99001E7167 /* Place */ = {
			isa = PBXGroup;
			children = (
				49B70CC4222DDBA4001E7167 /* PlaceDetails_Util.swift */,
				49B70CC6222DDC8E001E7167 /* PlaceDetails_PhotoTable.swift */,
				49B70CC8222DDE28001E7167 /* PlaceDetails.storyboard */,
			);
			path = Place;
			sourceTree = "<group>";
		};
		49B70CCC222E237B001E7167 /* Edit */ = {
			isa = PBXGroup;
			children = (
				49B70CCF222E23A0001E7167 /* Edit.storyboard */,
				49077B2F222E436C0024539E /* Edit_Util.swift */,
			);
			path = Edit;
			sourceTree = "<group>";
		};
		7362E83279169E69104D05B1 /* Pods */ = {
			isa = PBXGroup;
			children = (
				FB97AFE432820900E25B2D41 /* Pods-Phind.debug.xcconfig */,
				9810D2E904B270505E18137E /* Pods-Phind.release.xcconfig */,
				5E3C30D3DCE258D332C8BCEC /* Pods-PhindTests.debug.xcconfig */,
				23004EA1A217FA918547CD4A /* Pods-PhindTests.release.xcconfig */,
				853D7DCBB599C2B406A2B9C9 /* Pods-PhindUITests.debug.xcconfig */,
				25F60A492D95300955497A01 /* Pods-PhindUITests.release.xcconfig */,
			);
			name = Pods;
			sourceTree = "<group>";
		};
/* End PBXGroup section */

/* Begin PBXNativeTarget section */
		492F5C5221FD814D009B6411 /* Phind */ = {
			isa = PBXNativeTarget;
			buildConfigurationList = 492F5C7D21FD814F009B6411 /* Build configuration list for PBXNativeTarget "Phind" */;
			buildPhases = (
				4810CF93FA1394644D47F1F7 /* [CP] Check Pods Manifest.lock */,
				492F5C4F21FD814D009B6411 /* Sources */,
				492F5C5021FD814D009B6411 /* Frameworks */,
				492F5C5121FD814D009B6411 /* Resources */,
				183D1A69B7A5071981EB41B9 /* [CP] Embed Pods Frameworks */,
				0D993B7B130DBBECCA17B69A /* [CP] Copy Pods Resources */,
			);
			buildRules = (
			);
			dependencies = (
			);
			name = Phind;
			productName = Phind;
			productReference = 492F5C5321FD814D009B6411 /* Phind.app */;
			productType = "com.apple.product-type.application";
		};
		492F5C6821FD814F009B6411 /* PhindTests */ = {
			isa = PBXNativeTarget;
			buildConfigurationList = 492F5C8021FD814F009B6411 /* Build configuration list for PBXNativeTarget "PhindTests" */;
			buildPhases = (
				53CDC3B047A5D482C94881DB /* [CP] Check Pods Manifest.lock */,
				492F5C6521FD814F009B6411 /* Sources */,
				492F5C6621FD814F009B6411 /* Frameworks */,
				492F5C6721FD814F009B6411 /* Resources */,
			);
			buildRules = (
			);
			dependencies = (
				492F5C6B21FD814F009B6411 /* PBXTargetDependency */,
			);
			name = PhindTests;
			productName = PhindTests;
			productReference = 492F5C6921FD814F009B6411 /* PhindTests.xctest */;
			productType = "com.apple.product-type.bundle.unit-test";
		};
		492F5C7321FD814F009B6411 /* PhindUITests */ = {
			isa = PBXNativeTarget;
			buildConfigurationList = 492F5C8321FD814F009B6411 /* Build configuration list for PBXNativeTarget "PhindUITests" */;
			buildPhases = (
				897299ADBC5A97B9CD8F5AA0 /* [CP] Check Pods Manifest.lock */,
				492F5C7021FD814F009B6411 /* Sources */,
				492F5C7121FD814F009B6411 /* Frameworks */,
				492F5C7221FD814F009B6411 /* Resources */,
			);
			buildRules = (
			);
			dependencies = (
				492F5C7621FD814F009B6411 /* PBXTargetDependency */,
			);
			name = PhindUITests;
			productName = PhindUITests;
			productReference = 492F5C7421FD814F009B6411 /* PhindUITests.xctest */;
			productType = "com.apple.product-type.bundle.ui-testing";
		};
/* End PBXNativeTarget section */

/* Begin PBXProject section */
		492F5C4B21FD814D009B6411 /* Project object */ = {
			isa = PBXProject;
			attributes = {
				LastSwiftUpdateCheck = 1010;
				LastUpgradeCheck = 1010;
				ORGANIZATIONNAME = "Team-7";
				TargetAttributes = {
					492F5C5221FD814D009B6411 = {
						CreatedOnToolsVersion = 10.1;
						SystemCapabilities = {
							com.apple.BackgroundModes = {
								enabled = 1;
							};
						};
					};
					492F5C6821FD814F009B6411 = {
						CreatedOnToolsVersion = 10.1;
						TestTargetID = 492F5C5221FD814D009B6411;
					};
					492F5C7321FD814F009B6411 = {
						CreatedOnToolsVersion = 10.1;
						TestTargetID = 492F5C5221FD814D009B6411;
					};
				};
			};
			buildConfigurationList = 492F5C4E21FD814D009B6411 /* Build configuration list for PBXProject "Phind" */;
			compatibilityVersion = "Xcode 9.3";
			developmentRegion = en;
			hasScannedForEncodings = 0;
			knownRegions = (
				en,
				Base,
			);
			mainGroup = 492F5C4A21FD814D009B6411;
			productRefGroup = 492F5C5421FD814D009B6411 /* Products */;
			projectDirPath = "";
			projectRoot = "";
			targets = (
				492F5C5221FD814D009B6411 /* Phind */,
				492F5C6821FD814F009B6411 /* PhindTests */,
				492F5C7321FD814F009B6411 /* PhindUITests */,
			);
		};
/* End PBXProject section */

/* Begin PBXResourcesBuildPhase section */
		492F5C5121FD814D009B6411 /* Resources */ = {
			isa = PBXResourcesBuildPhase;
			buildActionMask = 2147483647;
			files = (
				0A080131221230EE00460A1A /* Font Awesome 5 Brands-Regular-400.otf in Resources */,
				0A45DFF7222B794800026985 /* timeline_joint.png in Resources */,
				0A080134221230EE00460A1A /* Font Awesome 5 Free-Regular-400.otf in Resources */,
				492F5C6321FD814F009B6411 /* LaunchScreen.storyboard in Resources */,
				0A45DFFA222C874400026985 /* timeline_joint_last.png in Resources */,
				49B70CD0222E23A0001E7167 /* Edit.storyboard in Resources */,
				49B70CC9222DDE28001E7167 /* PlaceDetails.storyboard in Resources */,
				492F5C6021FD814F009B6411 /* Assets.xcassets in Resources */,
				0A607A13222C9382006EDA7A /* timeline_line.png in Resources */,
				0AA9103F220F6BF9001B1270 /* Pods in Resources */,
				492F5C5E21FD814E009B6411 /* Main.storyboard in Resources */,
				0A45DFFB222C874400026985 /* timeline_joint_first.png in Resources */,
				0A080137221230EE00460A1A /* Font Awesome 5 Free-Solid-900.otf in Resources */,
			);
			runOnlyForDeploymentPostprocessing = 0;
		};
		492F5C6721FD814F009B6411 /* Resources */ = {
			isa = PBXResourcesBuildPhase;
			buildActionMask = 2147483647;
			files = (
				0A080138221230EE00460A1A /* Font Awesome 5 Free-Solid-900.otf in Resources */,
				0A080132221230EE00460A1A /* Font Awesome 5 Brands-Regular-400.otf in Resources */,
				0A080135221230EE00460A1A /* Font Awesome 5 Free-Regular-400.otf in Resources */,
			);
			runOnlyForDeploymentPostprocessing = 0;
		};
		492F5C7221FD814F009B6411 /* Resources */ = {
			isa = PBXResourcesBuildPhase;
			buildActionMask = 2147483647;
			files = (
				0A080139221230EE00460A1A /* Font Awesome 5 Free-Solid-900.otf in Resources */,
				0A080133221230EE00460A1A /* Font Awesome 5 Brands-Regular-400.otf in Resources */,
				0A080136221230EE00460A1A /* Font Awesome 5 Free-Regular-400.otf in Resources */,
			);
			runOnlyForDeploymentPostprocessing = 0;
		};
/* End PBXResourcesBuildPhase section */

/* Begin PBXShellScriptBuildPhase section */
		0D993B7B130DBBECCA17B69A /* [CP] Copy Pods Resources */ = {
			isa = PBXShellScriptBuildPhase;
			buildActionMask = 2147483647;
			files = (
			);
			inputFileListPaths = (
			);
			inputPaths = (
				"${PODS_ROOT}/Target Support Files/Pods-Phind/Pods-Phind-resources.sh",
				"${PODS_ROOT}/GoogleMaps/Maps/Frameworks/GoogleMaps.framework/Resources/GoogleMaps.bundle",
				"${PODS_ROOT}/GooglePlaces/Frameworks/GooglePlaces.framework/Resources/GooglePlaces.bundle",
			);
			name = "[CP] Copy Pods Resources";
			outputFileListPaths = (
			);
			outputPaths = (
				"${TARGET_BUILD_DIR}/${UNLOCALIZED_RESOURCES_FOLDER_PATH}/GoogleMaps.bundle",
				"${TARGET_BUILD_DIR}/${UNLOCALIZED_RESOURCES_FOLDER_PATH}/GooglePlaces.bundle",
			);
			runOnlyForDeploymentPostprocessing = 0;
			shellPath = /bin/sh;
			shellScript = "\"${PODS_ROOT}/Target Support Files/Pods-Phind/Pods-Phind-resources.sh\"\n";
			showEnvVarsInLog = 0;
		};
		183D1A69B7A5071981EB41B9 /* [CP] Embed Pods Frameworks */ = {
			isa = PBXShellScriptBuildPhase;
			buildActionMask = 2147483647;
			files = (
			);
			inputFileListPaths = (
			);
			inputPaths = (
				"${PODS_ROOT}/Target Support Files/Pods-Phind/Pods-Phind-frameworks.sh",
				"${BUILT_PRODUCTS_DIR}/CocoaAsyncSocket/CocoaAsyncSocket.framework",
				"${BUILT_PRODUCTS_DIR}/JustLog/JustLog.framework",
				"${BUILT_PRODUCTS_DIR}/Realm/Realm.framework",
				"${BUILT_PRODUCTS_DIR}/RealmSwift/RealmSwift.framework",
				"${BUILT_PRODUCTS_DIR}/SwiftyBeaver/SwiftyBeaver.framework",
				"${BUILT_PRODUCTS_DIR}/TransitionableTab/TransitionableTab.framework",
			);
			name = "[CP] Embed Pods Frameworks";
			outputFileListPaths = (
			);
			outputPaths = (
				"${TARGET_BUILD_DIR}/${FRAMEWORKS_FOLDER_PATH}/CocoaAsyncSocket.framework",
				"${TARGET_BUILD_DIR}/${FRAMEWORKS_FOLDER_PATH}/JustLog.framework",
				"${TARGET_BUILD_DIR}/${FRAMEWORKS_FOLDER_PATH}/Realm.framework",
				"${TARGET_BUILD_DIR}/${FRAMEWORKS_FOLDER_PATH}/RealmSwift.framework",
				"${TARGET_BUILD_DIR}/${FRAMEWORKS_FOLDER_PATH}/SwiftyBeaver.framework",
				"${TARGET_BUILD_DIR}/${FRAMEWORKS_FOLDER_PATH}/TransitionableTab.framework",
			);
			runOnlyForDeploymentPostprocessing = 0;
			shellPath = /bin/sh;
			shellScript = "\"${PODS_ROOT}/Target Support Files/Pods-Phind/Pods-Phind-frameworks.sh\"\n";
			showEnvVarsInLog = 0;
		};
		4810CF93FA1394644D47F1F7 /* [CP] Check Pods Manifest.lock */ = {
			isa = PBXShellScriptBuildPhase;
			buildActionMask = 2147483647;
			files = (
			);
			inputFileListPaths = (
			);
			inputPaths = (
				"${PODS_PODFILE_DIR_PATH}/Podfile.lock",
				"${PODS_ROOT}/Manifest.lock",
			);
			name = "[CP] Check Pods Manifest.lock";
			outputFileListPaths = (
			);
			outputPaths = (
				"$(DERIVED_FILE_DIR)/Pods-Phind-checkManifestLockResult.txt",
			);
			runOnlyForDeploymentPostprocessing = 0;
			shellPath = /bin/sh;
			shellScript = "diff \"${PODS_PODFILE_DIR_PATH}/Podfile.lock\" \"${PODS_ROOT}/Manifest.lock\" > /dev/null\nif [ $? != 0 ] ; then\n    # print error to STDERR\n    echo \"error: The sandbox is not in sync with the Podfile.lock. Run 'pod install' or update your CocoaPods installation.\" >&2\n    exit 1\nfi\n# This output is used by Xcode 'outputs' to avoid re-running this script phase.\necho \"SUCCESS\" > \"${SCRIPT_OUTPUT_FILE_0}\"\n";
			showEnvVarsInLog = 0;
		};
		53CDC3B047A5D482C94881DB /* [CP] Check Pods Manifest.lock */ = {
			isa = PBXShellScriptBuildPhase;
			buildActionMask = 2147483647;
			files = (
			);
			inputFileListPaths = (
			);
			inputPaths = (
				"${PODS_PODFILE_DIR_PATH}/Podfile.lock",
				"${PODS_ROOT}/Manifest.lock",
			);
			name = "[CP] Check Pods Manifest.lock";
			outputFileListPaths = (
			);
			outputPaths = (
				"$(DERIVED_FILE_DIR)/Pods-PhindTests-checkManifestLockResult.txt",
			);
			runOnlyForDeploymentPostprocessing = 0;
			shellPath = /bin/sh;
			shellScript = "diff \"${PODS_PODFILE_DIR_PATH}/Podfile.lock\" \"${PODS_ROOT}/Manifest.lock\" > /dev/null\nif [ $? != 0 ] ; then\n    # print error to STDERR\n    echo \"error: The sandbox is not in sync with the Podfile.lock. Run 'pod install' or update your CocoaPods installation.\" >&2\n    exit 1\nfi\n# This output is used by Xcode 'outputs' to avoid re-running this script phase.\necho \"SUCCESS\" > \"${SCRIPT_OUTPUT_FILE_0}\"\n";
			showEnvVarsInLog = 0;
		};
		897299ADBC5A97B9CD8F5AA0 /* [CP] Check Pods Manifest.lock */ = {
			isa = PBXShellScriptBuildPhase;
			buildActionMask = 2147483647;
			files = (
			);
			inputFileListPaths = (
			);
			inputPaths = (
				"${PODS_PODFILE_DIR_PATH}/Podfile.lock",
				"${PODS_ROOT}/Manifest.lock",
			);
			name = "[CP] Check Pods Manifest.lock";
			outputFileListPaths = (
			);
			outputPaths = (
				"$(DERIVED_FILE_DIR)/Pods-PhindUITests-checkManifestLockResult.txt",
			);
			runOnlyForDeploymentPostprocessing = 0;
			shellPath = /bin/sh;
			shellScript = "diff \"${PODS_PODFILE_DIR_PATH}/Podfile.lock\" \"${PODS_ROOT}/Manifest.lock\" > /dev/null\nif [ $? != 0 ] ; then\n    # print error to STDERR\n    echo \"error: The sandbox is not in sync with the Podfile.lock. Run 'pod install' or update your CocoaPods installation.\" >&2\n    exit 1\nfi\n# This output is used by Xcode 'outputs' to avoid re-running this script phase.\necho \"SUCCESS\" > \"${SCRIPT_OUTPUT_FILE_0}\"\n";
			showEnvVarsInLog = 0;
		};
/* End PBXShellScriptBuildPhase section */

/* Begin PBXSourcesBuildPhase section */
		492F5C4F21FD814D009B6411 /* Sources */ = {
			isa = PBXSourcesBuildPhase;
			buildActionMask = 2147483647;
			files = (
				49B70CCE222E238D001E7167 /* EditViewController.swift in Sources */,
				0A04B962220FAD1100D94EB9 /* PhindLocationManager.swift in Sources */,
				0A6F0D262238DE9D00AF9B3D /* SearchView_Results.swift in Sources */,
				49B70CC2222DDAA9001E7167 /* PlaceDetailsController.swift in Sources */,
				4934F6BF220296D90025C749 /* RealmTypes.swift in Sources */,
				49AD3CD32213E32F000494D9 /* MapViewFitExtension.swift in Sources */,
				49B70CC7222DDC8E001E7167 /* PlaceDetails_PhotoTable.swift in Sources */,
				492F5C5B21FD814E009B6411 /* SecondViewController.swift in Sources */,
				494E7EE52210F76E00979950 /* TimelineUITableViewCell.swift in Sources */,
				492F5C5721FD814E009B6411 /* AppDelegate.swift in Sources */,
				F97F19BC22133490008CF75E /* StatisticsUICollectionViewCell.swift in Sources */,
				0AA7BF112210374D0038A274 /* Util.swift in Sources */,
				0A4EAF8A222CE9CD00D419BD /* MainView_Timeline.swift in Sources */,
				0A4EAF90222CF4EE00D419BD /* Credentials.swift in Sources */,
				0A5A2254221047CE00879A38 /* ModelManager.swift in Sources */,
				0AA824A5222CE4BA008BE873 /* MainView_Header.swift in Sources */,
				0A6F0D242237D18A00AF9B3D /* SearchView_Header.swift in Sources */,
				0A6F0D212237D0BD00AF9B3D /* SearchViewController.swift in Sources */,
				49077B30222E436C0024539E /* Edit_Util.swift in Sources */,
				49B70CC5222DDBA4001E7167 /* PlaceDetails_Util.swift in Sources */,
				0A4EAF8D222CEC4600D419BD /* Style.swift in Sources */,
				492F5C5921FD814E009B6411 /* MainViewController.swift in Sources */,
				0A4EAF88222CE76500D419BD /* MainView_Map.swift in Sources */,
			);
			runOnlyForDeploymentPostprocessing = 0;
		};
		492F5C6521FD814F009B6411 /* Sources */ = {
			isa = PBXSourcesBuildPhase;
			buildActionMask = 2147483647;
			files = (
				492F5C6E21FD814F009B6411 /* PhindTests.swift in Sources */,
			);
			runOnlyForDeploymentPostprocessing = 0;
		};
		492F5C7021FD814F009B6411 /* Sources */ = {
			isa = PBXSourcesBuildPhase;
			buildActionMask = 2147483647;
			files = (
				492F5C7921FD814F009B6411 /* PhindUITests.swift in Sources */,
			);
			runOnlyForDeploymentPostprocessing = 0;
		};
/* End PBXSourcesBuildPhase section */

/* Begin PBXTargetDependency section */
		492F5C6B21FD814F009B6411 /* PBXTargetDependency */ = {
			isa = PBXTargetDependency;
			target = 492F5C5221FD814D009B6411 /* Phind */;
			targetProxy = 492F5C6A21FD814F009B6411 /* PBXContainerItemProxy */;
		};
		492F5C7621FD814F009B6411 /* PBXTargetDependency */ = {
			isa = PBXTargetDependency;
			target = 492F5C5221FD814D009B6411 /* Phind */;
			targetProxy = 492F5C7521FD814F009B6411 /* PBXContainerItemProxy */;
		};
/* End PBXTargetDependency section */

/* Begin PBXVariantGroup section */
		492F5C5C21FD814E009B6411 /* Main.storyboard */ = {
			isa = PBXVariantGroup;
			children = (
				492F5C5D21FD814E009B6411 /* Base */,
			);
			name = Main.storyboard;
			sourceTree = "<group>";
		};
		492F5C6121FD814F009B6411 /* LaunchScreen.storyboard */ = {
			isa = PBXVariantGroup;
			children = (
				492F5C6221FD814F009B6411 /* Base */,
			);
			name = LaunchScreen.storyboard;
			sourceTree = "<group>";
		};
/* End PBXVariantGroup section */

/* Begin XCBuildConfiguration section */
		492F5C7B21FD814F009B6411 /* Debug */ = {
			isa = XCBuildConfiguration;
			buildSettings = {
				ALWAYS_SEARCH_USER_PATHS = NO;
				CLANG_ANALYZER_NONNULL = YES;
				CLANG_ANALYZER_NUMBER_OBJECT_CONVERSION = YES_AGGRESSIVE;
				CLANG_CXX_LANGUAGE_STANDARD = "gnu++14";
				CLANG_CXX_LIBRARY = "libc++";
				CLANG_ENABLE_MODULES = YES;
				CLANG_ENABLE_OBJC_ARC = YES;
				CLANG_ENABLE_OBJC_WEAK = YES;
				CLANG_WARN_BLOCK_CAPTURE_AUTORELEASING = YES;
				CLANG_WARN_BOOL_CONVERSION = YES;
				CLANG_WARN_COMMA = YES;
				CLANG_WARN_CONSTANT_CONVERSION = YES;
				CLANG_WARN_DEPRECATED_OBJC_IMPLEMENTATIONS = YES;
				CLANG_WARN_DIRECT_OBJC_ISA_USAGE = YES_ERROR;
				CLANG_WARN_DOCUMENTATION_COMMENTS = YES;
				CLANG_WARN_EMPTY_BODY = YES;
				CLANG_WARN_ENUM_CONVERSION = YES;
				CLANG_WARN_INFINITE_RECURSION = YES;
				CLANG_WARN_INT_CONVERSION = YES;
				CLANG_WARN_NON_LITERAL_NULL_CONVERSION = YES;
				CLANG_WARN_OBJC_IMPLICIT_RETAIN_SELF = YES;
				CLANG_WARN_OBJC_LITERAL_CONVERSION = YES;
				CLANG_WARN_OBJC_ROOT_CLASS = YES_ERROR;
				CLANG_WARN_RANGE_LOOP_ANALYSIS = YES;
				CLANG_WARN_STRICT_PROTOTYPES = YES;
				CLANG_WARN_SUSPICIOUS_MOVE = YES;
				CLANG_WARN_UNGUARDED_AVAILABILITY = YES_AGGRESSIVE;
				CLANG_WARN_UNREACHABLE_CODE = YES;
				CLANG_WARN__DUPLICATE_METHOD_MATCH = YES;
				CODE_SIGN_IDENTITY = "iPhone Developer";
				COPY_PHASE_STRIP = NO;
				DEBUG_INFORMATION_FORMAT = dwarf;
				ENABLE_STRICT_OBJC_MSGSEND = YES;
				ENABLE_TESTABILITY = YES;
				GCC_C_LANGUAGE_STANDARD = gnu11;
				GCC_DYNAMIC_NO_PIC = NO;
				GCC_NO_COMMON_BLOCKS = YES;
				GCC_OPTIMIZATION_LEVEL = 0;
				GCC_PREPROCESSOR_DEFINITIONS = (
					"DEBUG=1",
					"$(inherited)",
				);
				GCC_WARN_64_TO_32_BIT_CONVERSION = YES;
				GCC_WARN_ABOUT_RETURN_TYPE = YES_ERROR;
				GCC_WARN_UNDECLARED_SELECTOR = YES;
				GCC_WARN_UNINITIALIZED_AUTOS = YES_AGGRESSIVE;
				GCC_WARN_UNUSED_FUNCTION = YES;
				GCC_WARN_UNUSED_VARIABLE = YES;
				IPHONEOS_DEPLOYMENT_TARGET = 12.1;
				MTL_ENABLE_DEBUG_INFO = INCLUDE_SOURCE;
				MTL_FAST_MATH = YES;
				ONLY_ACTIVE_ARCH = YES;
				SDKROOT = iphoneos;
				SWIFT_ACTIVE_COMPILATION_CONDITIONS = DEBUG;
				SWIFT_OPTIMIZATION_LEVEL = "-Onone";
			};
			name = Debug;
		};
		492F5C7C21FD814F009B6411 /* Release */ = {
			isa = XCBuildConfiguration;
			buildSettings = {
				ALWAYS_SEARCH_USER_PATHS = NO;
				CLANG_ANALYZER_NONNULL = YES;
				CLANG_ANALYZER_NUMBER_OBJECT_CONVERSION = YES_AGGRESSIVE;
				CLANG_CXX_LANGUAGE_STANDARD = "gnu++14";
				CLANG_CXX_LIBRARY = "libc++";
				CLANG_ENABLE_MODULES = YES;
				CLANG_ENABLE_OBJC_ARC = YES;
				CLANG_ENABLE_OBJC_WEAK = YES;
				CLANG_WARN_BLOCK_CAPTURE_AUTORELEASING = YES;
				CLANG_WARN_BOOL_CONVERSION = YES;
				CLANG_WARN_COMMA = YES;
				CLANG_WARN_CONSTANT_CONVERSION = YES;
				CLANG_WARN_DEPRECATED_OBJC_IMPLEMENTATIONS = YES;
				CLANG_WARN_DIRECT_OBJC_ISA_USAGE = YES_ERROR;
				CLANG_WARN_DOCUMENTATION_COMMENTS = YES;
				CLANG_WARN_EMPTY_BODY = YES;
				CLANG_WARN_ENUM_CONVERSION = YES;
				CLANG_WARN_INFINITE_RECURSION = YES;
				CLANG_WARN_INT_CONVERSION = YES;
				CLANG_WARN_NON_LITERAL_NULL_CONVERSION = YES;
				CLANG_WARN_OBJC_IMPLICIT_RETAIN_SELF = YES;
				CLANG_WARN_OBJC_LITERAL_CONVERSION = YES;
				CLANG_WARN_OBJC_ROOT_CLASS = YES_ERROR;
				CLANG_WARN_RANGE_LOOP_ANALYSIS = YES;
				CLANG_WARN_STRICT_PROTOTYPES = YES;
				CLANG_WARN_SUSPICIOUS_MOVE = YES;
				CLANG_WARN_UNGUARDED_AVAILABILITY = YES_AGGRESSIVE;
				CLANG_WARN_UNREACHABLE_CODE = YES;
				CLANG_WARN__DUPLICATE_METHOD_MATCH = YES;
				CODE_SIGN_IDENTITY = "iPhone Developer";
				COPY_PHASE_STRIP = NO;
				DEBUG_INFORMATION_FORMAT = "dwarf-with-dsym";
				ENABLE_NS_ASSERTIONS = NO;
				ENABLE_STRICT_OBJC_MSGSEND = YES;
				GCC_C_LANGUAGE_STANDARD = gnu11;
				GCC_NO_COMMON_BLOCKS = YES;
				GCC_WARN_64_TO_32_BIT_CONVERSION = YES;
				GCC_WARN_ABOUT_RETURN_TYPE = YES_ERROR;
				GCC_WARN_UNDECLARED_SELECTOR = YES;
				GCC_WARN_UNINITIALIZED_AUTOS = YES_AGGRESSIVE;
				GCC_WARN_UNUSED_FUNCTION = YES;
				GCC_WARN_UNUSED_VARIABLE = YES;
				IPHONEOS_DEPLOYMENT_TARGET = 12.1;
				MTL_ENABLE_DEBUG_INFO = NO;
				MTL_FAST_MATH = YES;
				SDKROOT = iphoneos;
				SWIFT_COMPILATION_MODE = wholemodule;
				SWIFT_OPTIMIZATION_LEVEL = "-O";
				VALIDATE_PRODUCT = YES;
			};
			name = Release;
		};
		492F5C7E21FD814F009B6411 /* Debug */ = {
			isa = XCBuildConfiguration;
			baseConfigurationReference = FB97AFE432820900E25B2D41 /* Pods-Phind.debug.xcconfig */;
			buildSettings = {
				ASSETCATALOG_COMPILER_APPICON_NAME = AppIcon;
				CODE_SIGN_STYLE = Automatic;
				DEVELOPMENT_TEAM = 6R82YX5UBD;
				INFOPLIST_FILE = Phind/Info.plist;
				PRODUCT_BUNDLE_IDENTIFIER = "team-7.Phind";
				PRODUCT_NAME = "$(TARGET_NAME)";
				SWIFT_VERSION = 4.2;
				TARGETED_DEVICE_FAMILY = "1,2";
			};
			name = Debug;
		};
		492F5C7F21FD814F009B6411 /* Release */ = {
			isa = XCBuildConfiguration;
			baseConfigurationReference = 9810D2E904B270505E18137E /* Pods-Phind.release.xcconfig */;
			buildSettings = {
				ASSETCATALOG_COMPILER_APPICON_NAME = AppIcon;
				CODE_SIGN_STYLE = Automatic;
				DEVELOPMENT_TEAM = 6R82YX5UBD;
				INFOPLIST_FILE = Phind/Info.plist;
				PRODUCT_BUNDLE_IDENTIFIER = "team-7.Phind";
				PRODUCT_NAME = "$(TARGET_NAME)";
				SWIFT_VERSION = 4.2;
				TARGETED_DEVICE_FAMILY = "1,2";
			};
			name = Release;
		};
		492F5C8121FD814F009B6411 /* Debug */ = {
			isa = XCBuildConfiguration;
			baseConfigurationReference = 5E3C30D3DCE258D332C8BCEC /* Pods-PhindTests.debug.xcconfig */;
			buildSettings = {
				ALWAYS_EMBED_SWIFT_STANDARD_LIBRARIES = YES;
				BUNDLE_LOADER = "$(TEST_HOST)";
				CODE_SIGN_STYLE = Automatic;
				INFOPLIST_FILE = PhindTests/Info.plist;
				LD_RUNPATH_SEARCH_PATHS = (
					"$(inherited)",
					"@executable_path/Frameworks",
					"@loader_path/Frameworks",
				);
				PRODUCT_BUNDLE_IDENTIFIER = "team-7.PhindTests";
				PRODUCT_NAME = "$(TARGET_NAME)";
				SWIFT_VERSION = 4.2;
				TARGETED_DEVICE_FAMILY = "1,2";
				TEST_HOST = "$(BUILT_PRODUCTS_DIR)/Phind.app/Phind";
			};
			name = Debug;
		};
		492F5C8221FD814F009B6411 /* Release */ = {
			isa = XCBuildConfiguration;
			baseConfigurationReference = 23004EA1A217FA918547CD4A /* Pods-PhindTests.release.xcconfig */;
			buildSettings = {
				ALWAYS_EMBED_SWIFT_STANDARD_LIBRARIES = YES;
				BUNDLE_LOADER = "$(TEST_HOST)";
				CODE_SIGN_STYLE = Automatic;
				INFOPLIST_FILE = PhindTests/Info.plist;
				LD_RUNPATH_SEARCH_PATHS = (
					"$(inherited)",
					"@executable_path/Frameworks",
					"@loader_path/Frameworks",
				);
				PRODUCT_BUNDLE_IDENTIFIER = "team-7.PhindTests";
				PRODUCT_NAME = "$(TARGET_NAME)";
				SWIFT_VERSION = 4.2;
				TARGETED_DEVICE_FAMILY = "1,2";
				TEST_HOST = "$(BUILT_PRODUCTS_DIR)/Phind.app/Phind";
			};
			name = Release;
		};
		492F5C8421FD814F009B6411 /* Debug */ = {
			isa = XCBuildConfiguration;
			baseConfigurationReference = 853D7DCBB599C2B406A2B9C9 /* Pods-PhindUITests.debug.xcconfig */;
			buildSettings = {
				ALWAYS_EMBED_SWIFT_STANDARD_LIBRARIES = YES;
				CODE_SIGN_STYLE = Automatic;
				INFOPLIST_FILE = PhindUITests/Info.plist;
				LD_RUNPATH_SEARCH_PATHS = (
					"$(inherited)",
					"@executable_path/Frameworks",
					"@loader_path/Frameworks",
				);
				PRODUCT_BUNDLE_IDENTIFIER = "team-7.PhindUITests";
				PRODUCT_NAME = "$(TARGET_NAME)";
				SWIFT_VERSION = 4.2;
				TARGETED_DEVICE_FAMILY = "1,2";
				TEST_TARGET_NAME = Phind;
			};
			name = Debug;
		};
		492F5C8521FD814F009B6411 /* Release */ = {
			isa = XCBuildConfiguration;
			baseConfigurationReference = 25F60A492D95300955497A01 /* Pods-PhindUITests.release.xcconfig */;
			buildSettings = {
				ALWAYS_EMBED_SWIFT_STANDARD_LIBRARIES = YES;
				CODE_SIGN_STYLE = Automatic;
				INFOPLIST_FILE = PhindUITests/Info.plist;
				LD_RUNPATH_SEARCH_PATHS = (
					"$(inherited)",
					"@executable_path/Frameworks",
					"@loader_path/Frameworks",
				);
				PRODUCT_BUNDLE_IDENTIFIER = "team-7.PhindUITests";
				PRODUCT_NAME = "$(TARGET_NAME)";
				SWIFT_VERSION = 4.2;
				TARGETED_DEVICE_FAMILY = "1,2";
				TEST_TARGET_NAME = Phind;
			};
			name = Release;
		};
/* End XCBuildConfiguration section */

/* Begin XCConfigurationList section */
		492F5C4E21FD814D009B6411 /* Build configuration list for PBXProject "Phind" */ = {
			isa = XCConfigurationList;
			buildConfigurations = (
				492F5C7B21FD814F009B6411 /* Debug */,
				492F5C7C21FD814F009B6411 /* Release */,
			);
			defaultConfigurationIsVisible = 0;
			defaultConfigurationName = Release;
		};
		492F5C7D21FD814F009B6411 /* Build configuration list for PBXNativeTarget "Phind" */ = {
			isa = XCConfigurationList;
			buildConfigurations = (
				492F5C7E21FD814F009B6411 /* Debug */,
				492F5C7F21FD814F009B6411 /* Release */,
			);
			defaultConfigurationIsVisible = 0;
			defaultConfigurationName = Release;
		};
		492F5C8021FD814F009B6411 /* Build configuration list for PBXNativeTarget "PhindTests" */ = {
			isa = XCConfigurationList;
			buildConfigurations = (
				492F5C8121FD814F009B6411 /* Debug */,
				492F5C8221FD814F009B6411 /* Release */,
			);
			defaultConfigurationIsVisible = 0;
			defaultConfigurationName = Release;
		};
		492F5C8321FD814F009B6411 /* Build configuration list for PBXNativeTarget "PhindUITests" */ = {
			isa = XCConfigurationList;
			buildConfigurations = (
				492F5C8421FD814F009B6411 /* Debug */,
				492F5C8521FD814F009B6411 /* Release */,
			);
			defaultConfigurationIsVisible = 0;
			defaultConfigurationName = Release;
		};
/* End XCConfigurationList section */
	};
	rootObject = 492F5C4B21FD814D009B6411 /* Project object */;
}
